
Microsoft Visual Studio Solution File, Format Version 12.00
# Visual Studio Version 16
VisualStudioVersion = 16.0.30804.86
MinimumVisualStudioVersion = 10.0.40219.1
Project("{FAE04EC0-301F-11D3-BF4B-00C04F79EFBC}") = "Fraction", "Fraction\Fraction.csproj", "{ACB94287-AD52-48FD-8A37-DE2DB5D802A1}"
EndProject
Global
	GlobalSection(SolutionConfigurationPlatforms) = preSolution
		Debug|Any CPU = Debug|Any CPU
		Release|Any CPU = Release|Any CPU
	EndGlobalSection
	GlobalSection(ProjectConfigurationPlatforms) = postSolution
		{ACB94287-AD52-48FD-8A37-DE2DB5D802A1}.Debug|Any CPU.ActiveCfg = Debug|Any CPU
		{ACB94287-AD52-48FD-8A37-DE2DB5D802A1}.Debug|Any CPU.Build.0 = Debug|Any CPU
		{ACB94287-AD52-48FD-8A37-DE2DB5D802A1}.Release|Any CPU.ActiveCfg = Release|Any CPU
		{ACB94287-AD52-48FD-8A37-DE2DB5D802A1}.Release|Any CPU.Build.0 = Release|Any CPU
	EndGlobalSection
	GlobalSection(SolutionProperties) = preSolution
		HideSolutionNode = FALSE
	EndGlobalSection
	GlobalSection(ExtensibilityGlobals) = postSolution
		SolutionGuid = {82DBBAED-ED43-4D89-AB5C-496AE1EB384D}
	EndGlobalSection
EndGlobal
